
Microsoft Visual Studio Solution File, Format Version 12.00
# Visual Studio Version 17
VisualStudioVersion = 17.7.34031.279
MinimumVisualStudioVersion = 10.0.40219.1
Project("{9A19103F-16F7-4668-BE54-9A1E7A4F7556}") = "ConsoleApp", "Program\ConsoleApp.csproj", "{12A54D96-A6F3-416F-8A98-038A1C22A266}"
EndProject
Project("{FAE04EC0-301F-11D3-BF4B-00C04F79EFBC}") = "ClassLibrary1", "ClassLibrary1\ClassLibrary1.csproj", "{D47F6F2F-C385-4D8F-8CE8-387A42D2D842}"
EndProject
Global
	GlobalSection(SolutionConfigurationPlatforms) = preSolution
		Debug|Any CPU = Debug|Any CPU
		Release|Any CPU = Release|Any CPU
	EndGlobalSection
	GlobalSection(ProjectConfigurationPlatforms) = postSolution
		{12A54D96-A6F3-416F-8A98-038A1C22A266}.Debug|Any CPU.ActiveCfg = Debug|Any CPU
		{12A54D96-A6F3-416F-8A98-038A1C22A266}.Debug|Any CPU.Build.0 = Debug|Any CPU
		{12A54D96-A6F3-416F-8A98-038A1C22A266}.Release|Any CPU.ActiveCfg = Release|Any CPU
		{12A54D96-A6F3-416F-8A98-038A1C22A266}.Release|Any CPU.Build.0 = Release|Any CPU
		{D47F6F2F-C385-4D8F-8CE8-387A42D2D842}.Debug|Any CPU.ActiveCfg = Debug|Any CPU
		{D47F6F2F-C385-4D8F-8CE8-387A42D2D842}.Debug|Any CPU.Build.0 = Debug|Any CPU
		{D47F6F2F-C385-4D8F-8CE8-387A42D2D842}.Release|Any CPU.ActiveCfg = Release|Any CPU
		{D47F6F2F-C385-4D8F-8CE8-387A42D2D842}.Release|Any CPU.Build.0 = Release|Any CPU
	EndGlobalSection
	GlobalSection(SolutionProperties) = preSolution
		HideSolutionNode = FALSE
	EndGlobalSection
	GlobalSection(ExtensibilityGlobals) = postSolution
		SolutionGuid = {DB297C00-D279-4EF4-ACB6-BA336FD483EA}
	EndGlobalSection
EndGlobal
